{
  "name": "Solder Republic",
  "lockfileVersion": 3,
  "requires": true,
  "packages": {
    "": {
      "dependencies": {
        "stackblur-canvas": "^3.0.1"
      }
    },
    "node_modules/stackblur-canvas": {
      "version": "3.0.1",
      "resolved": "https://registry.npmjs.org/stackblur-canvas/-/stackblur-canvas-3.0.1.tgz",
      "integrity": "sha512-eJpxkL5PR39dioN3ZapIIhkjQd01wxcigCnBURzbRofZk5M+cHZUA8VwBelHLhsFW20gO9vdH6hFRIekA+jJfA==",
      "license": "MIT",
      "engines": {
        "node": ">=0.1.16"
      }
    }
  }
}
